// !$*UTF8*$!
{
	archiveVersion = 1;
	classes = {
	};
	objectVersion = 50;
	objects = {

/* Begin PBXBuildFile section */
		8A76BB30257FA99500B0248B /* AddObjectFromHomeViewController.swift in Sources */ = {isa = PBXBuildFile; fileRef = 8A76BB2F257FA99500B0248B /* AddObjectFromHomeViewController.swift */; };
		8A76BB35257FA99E00B0248B /* ShoppingListViewController.swift in Sources */ = {isa = PBXBuildFile; fileRef = 8A76BB34257FA99E00B0248B /* ShoppingListViewController.swift */; };
		8A76BB3A257FA9C800B0248B /* AddObjectFromShoppingViewController.swift in Sources */ = {isa = PBXBuildFile; fileRef = 8A76BB39257FA9C800B0248B /* AddObjectFromShoppingViewController.swift */; };
		8A76BB3F257FA9E600B0248B /* DetailsViewController.swift in Sources */ = {isa = PBXBuildFile; fileRef = 8A76BB3E257FA9E600B0248B /* DetailsViewController.swift */; };
		8A76BB4A257FAA7900B0248B /* WidgetKit.framework in Frameworks */ = {isa = PBXBuildFile; fileRef = 8A76BB49257FAA7900B0248B /* WidgetKit.framework */; };
		8A76BB4C257FAA7900B0248B /* SwiftUI.framework in Frameworks */ = {isa = PBXBuildFile; fileRef = 8A76BB4B257FAA7900B0248B /* SwiftUI.framework */; };
		8A76BB4F257FAA7900B0248B /* GrocermiWidgetExtension.swift in Sources */ = {isa = PBXBuildFile; fileRef = 8A76BB4E257FAA7900B0248B /* GrocermiWidgetExtension.swift */; };
		8A76BB52257FAA7D00B0248B /* Assets.xcassets in Resources */ = {isa = PBXBuildFile; fileRef = 8A76BB51257FAA7D00B0248B /* Assets.xcassets */; };
		8A76BB54257FAA7D00B0248B /* GrocermiWidgetExtension.intentdefinition in Sources */ = {isa = PBXBuildFile; fileRef = 8A76BB50257FAA7900B0248B /* GrocermiWidgetExtension.intentdefinition */; };
		8A76BB55257FAA7D00B0248B /* GrocermiWidgetExtension.intentdefinition in Sources */ = {isa = PBXBuildFile; fileRef = 8A76BB50257FAA7900B0248B /* GrocermiWidgetExtension.intentdefinition */; };
		8A76BB58257FAA7D00B0248B /* GrocermiWidgetExtensionExtension.appex in Embed App Extensions */ = {isa = PBXBuildFile; fileRef = 8A76BB47257FAA7900B0248B /* GrocermiWidgetExtensionExtension.appex */; settings = {ATTRIBUTES = (RemoveHeadersOnCopy, ); }; };
		A46EB01C257B3E49009A0557 /* AppDelegate.swift in Sources */ = {isa = PBXBuildFile; fileRef = A46EB01B257B3E49009A0557 /* AppDelegate.swift */; };
		A46EB01E257B3E49009A0557 /* SceneDelegate.swift in Sources */ = {isa = PBXBuildFile; fileRef = A46EB01D257B3E49009A0557 /* SceneDelegate.swift */; };
		A46EB020257B3E49009A0557 /* HomeViewController.swift in Sources */ = {isa = PBXBuildFile; fileRef = A46EB01F257B3E49009A0557 /* HomeViewController.swift */; };
		A46EB023257B3E49009A0557 /* Main.storyboard in Resources */ = {isa = PBXBuildFile; fileRef = A46EB021257B3E49009A0557 /* Main.storyboard */; };
		A46EB025257B3E4B009A0557 /* Assets.xcassets in Resources */ = {isa = PBXBuildFile; fileRef = A46EB024257B3E4B009A0557 /* Assets.xcassets */; };
		A46EB028257B3E4B009A0557 /* LaunchScreen.storyboard in Resources */ = {isa = PBXBuildFile; fileRef = A46EB026257B3E4B009A0557 /* LaunchScreen.storyboard */; };
		A46EB07E257B3E71009A0557 /* SF-Pro-Italic.ttf in Resources */ = {isa = PBXBuildFile; fileRef = A46EB04F257B3E71009A0557 /* SF-Pro-Italic.ttf */; };
		A46EB07F257B3E71009A0557 /* SF-Pro-Display-Thin.otf in Resources */ = {isa = PBXBuildFile; fileRef = A46EB050257B3E71009A0557 /* SF-Pro-Display-Thin.otf */; };
		A46EB080257B3E71009A0557 /* SF-Pro-Display-SemiboldItalic.otf in Resources */ = {isa = PBXBuildFile; fileRef = A46EB051257B3E71009A0557 /* SF-Pro-Display-SemiboldItalic.otf */; };
		A46EB081257B3E71009A0557 /* SF-Pro.ttf in Resources */ = {isa = PBXBuildFile; fileRef = A46EB052257B3E71009A0557 /* SF-Pro.ttf */; };
		A46EB082257B3E71009A0557 /* SF-Pro-Text-UltralightItalic.otf in Resources */ = {isa = PBXBuildFile; fileRef = A46EB053257B3E71009A0557 /* SF-Pro-Text-UltralightItalic.otf */; };
		A46EB083257B3E71009A0557 /* SF-Pro-Text-Heavy.otf in Resources */ = {isa = PBXBuildFile; fileRef = A46EB054257B3E71009A0557 /* SF-Pro-Text-Heavy.otf */; };
		A46EB084257B3E71009A0557 /* SF-Pro-Display-RegularItalic.otf in Resources */ = {isa = PBXBuildFile; fileRef = A46EB055257B3E71009A0557 /* SF-Pro-Display-RegularItalic.otf */; };
		A46EB085257B3E71009A0557 /* SF-Pro-Display-Light.otf in Resources */ = {isa = PBXBuildFile; fileRef = A46EB056257B3E71009A0557 /* SF-Pro-Display-Light.otf */; };
		A46EB086257B3E71009A0557 /* SF-Pro-Rounded-Semibold.otf in Resources */ = {isa = PBXBuildFile; fileRef = A46EB057257B3E71009A0557 /* SF-Pro-Rounded-Semibold.otf */; };
		A46EB087257B3E71009A0557 /* SF-Pro-Display-Regular.otf in Resources */ = {isa = PBXBuildFile; fileRef = A46EB058257B3E71009A0557 /* SF-Pro-Display-Regular.otf */; };
		A46EB088257B3E71009A0557 /* SF-Pro-Text-MediumItalic.otf in Resources */ = {isa = PBXBuildFile; fileRef = A46EB059257B3E71009A0557 /* SF-Pro-Text-MediumItalic.otf */; };
		A46EB089257B3E71009A0557 /* SF-Pro-Display-Bold.otf in Resources */ = {isa = PBXBuildFile; fileRef = A46EB05A257B3E71009A0557 /* SF-Pro-Display-Bold.otf */; };
		A46EB08A257B3E71009A0557 /* SF-Pro-Rounded-Regular.otf in Resources */ = {isa = PBXBuildFile; fileRef = A46EB05B257B3E71009A0557 /* SF-Pro-Rounded-Regular.otf */; };
		A46EB08B257B3E71009A0557 /* SF-Pro-Display-Medium.otf in Resources */ = {isa = PBXBuildFile; fileRef = A46EB05C257B3E71009A0557 /* SF-Pro-Display-Medium.otf */; };
		A46EB08C257B3E71009A0557 /* SF-Pro-Display-Heavy.otf in Resources */ = {isa = PBXBuildFile; fileRef = A46EB05D257B3E71009A0557 /* SF-Pro-Display-Heavy.otf */; };
		A46EB08D257B3E71009A0557 /* SF-Pro-Text-Light.otf in Resources */ = {isa = PBXBuildFile; fileRef = A46EB05E257B3E71009A0557 /* SF-Pro-Text-Light.otf */; };
		A46EB08E257B3E71009A0557 /* SF-Pro-Rounded-Black.otf in Resources */ = {isa = PBXBuildFile; fileRef = A46EB05F257B3E71009A0557 /* SF-Pro-Rounded-Black.otf */; };
		A46EB08F257B3E71009A0557 /* SF-Pro-Display-Semibold.otf in Resources */ = {isa = PBXBuildFile; fileRef = A46EB060257B3E71009A0557 /* SF-Pro-Display-Semibold.otf */; };
		A46EB090257B3E71009A0557 /* SF-Pro-Text-BlackItalic.otf in Resources */ = {isa = PBXBuildFile; fileRef = A46EB061257B3E71009A0557 /* SF-Pro-Text-BlackItalic.otf */; };
		A46EB091257B3E71009A0557 /* SF-Pro-Text-Black.otf in Resources */ = {isa = PBXBuildFile; fileRef = A46EB062257B3E71009A0557 /* SF-Pro-Text-Black.otf */; };
		A46EB092257B3E71009A0557 /* SF-Pro-Rounded-Light.otf in Resources */ = {isa = PBXBuildFile; fileRef = A46EB063257B3E71009A0557 /* SF-Pro-Rounded-Light.otf */; };
		A46EB093257B3E71009A0557 /* SF-Pro-Text-Regular.otf in Resources */ = {isa = PBXBuildFile; fileRef = A46EB064257B3E71009A0557 /* SF-Pro-Text-Regular.otf */; };
		A46EB094257B3E71009A0557 /* SF-Pro-Text-Ultralight.otf in Resources */ = {isa = PBXBuildFile; fileRef = A46EB065257B3E71009A0557 /* SF-Pro-Text-Ultralight.otf */; };
		A46EB095257B3E71009A0557 /* SF-Pro-Text-Bold.otf in Resources */ = {isa = PBXBuildFile; fileRef = A46EB066257B3E71009A0557 /* SF-Pro-Text-Bold.otf */; };
		A46EB096257B3E71009A0557 /* SF-Pro-Text-Thin.otf in Resources */ = {isa = PBXBuildFile; fileRef = A46EB067257B3E71009A0557 /* SF-Pro-Text-Thin.otf */; };
		A46EB097257B3E71009A0557 /* SF-Pro-Display-MediumItalic.otf in Resources */ = {isa = PBXBuildFile; fileRef = A46EB068257B3E71009A0557 /* SF-Pro-Display-MediumItalic.otf */; };
		A46EB098257B3E71009A0557 /* SF-Pro-Display-HeavyItalic.otf in Resources */ = {isa = PBXBuildFile; fileRef = A46EB069257B3E71009A0557 /* SF-Pro-Display-HeavyItalic.otf */; };
		A46EB099257B3E71009A0557 /* SF-Pro-Display-Ultralight.otf in Resources */ = {isa = PBXBuildFile; fileRef = A46EB06A257B3E71009A0557 /* SF-Pro-Display-Ultralight.otf */; };
		A46EB09A257B3E71009A0557 /* SF-Pro-Display-UltralightItalic.otf in Resources */ = {isa = PBXBuildFile; fileRef = A46EB06B257B3E71009A0557 /* SF-Pro-Display-UltralightItalic.otf */; };
		A46EB09B257B3E71009A0557 /* SF-Pro-Display-LightItalic.otf in Resources */ = {isa = PBXBuildFile; fileRef = A46EB06C257B3E71009A0557 /* SF-Pro-Display-LightItalic.otf */; };
		A46EB09C257B3E71009A0557 /* SF-Pro-Rounded-Thin.otf in Resources */ = {isa = PBXBuildFile; fileRef = A46EB06D257B3E71009A0557 /* SF-Pro-Rounded-Thin.otf */; };
		A46EB09D257B3E71009A0557 /* SF-Pro-Text-ThinItalic.otf in Resources */ = {isa = PBXBuildFile; fileRef = A46EB06E257B3E71009A0557 /* SF-Pro-Text-ThinItalic.otf */; };
		A46EB09E257B3E71009A0557 /* SF-Pro-Display-BlackItalic.otf in Resources */ = {isa = PBXBuildFile; fileRef = A46EB06F257B3E71009A0557 /* SF-Pro-Display-BlackItalic.otf */; };
		A46EB09F257B3E71009A0557 /* SF-Pro-Display-Black.otf in Resources */ = {isa = PBXBuildFile; fileRef = A46EB070257B3E71009A0557 /* SF-Pro-Display-Black.otf */; };
		A46EB0A0257B3E71009A0557 /* SF-Pro-Rounded-Medium.otf in Resources */ = {isa = PBXBuildFile; fileRef = A46EB071257B3E71009A0557 /* SF-Pro-Rounded-Medium.otf */; };
		A46EB0A1257B3E71009A0557 /* SF-Pro-Text-BoldItalic.otf in Resources */ = {isa = PBXBuildFile; fileRef = A46EB072257B3E71009A0557 /* SF-Pro-Text-BoldItalic.otf */; };
		A46EB0A2257B3E71009A0557 /* SF-Pro-Text-RegularItalic.otf in Resources */ = {isa = PBXBuildFile; fileRef = A46EB073257B3E71009A0557 /* SF-Pro-Text-RegularItalic.otf */; };
		A46EB0A3257B3E71009A0557 /* SF-Pro-Text-Semibold.otf in Resources */ = {isa = PBXBuildFile; fileRef = A46EB074257B3E71009A0557 /* SF-Pro-Text-Semibold.otf */; };
		A46EB0A4257B3E71009A0557 /* SF-Pro-Text-HeavyItalic.otf in Resources */ = {isa = PBXBuildFile; fileRef = A46EB075257B3E71009A0557 /* SF-Pro-Text-HeavyItalic.otf */; };
		A46EB0A5257B3E71009A0557 /* SF-Pro-Display-ThinItalic.otf in Resources */ = {isa = PBXBuildFile; fileRef = A46EB076257B3E71009A0557 /* SF-Pro-Display-ThinItalic.otf */; };
		A46EB0A6257B3E71009A0557 /* SF-Pro-Text-LightItalic.otf in Resources */ = {isa = PBXBuildFile; fileRef = A46EB077257B3E71009A0557 /* SF-Pro-Text-LightItalic.otf */; };
		A46EB0A7257B3E71009A0557 /* SF-Pro-Rounded-Ultralight.otf in Resources */ = {isa = PBXBuildFile; fileRef = A46EB078257B3E71009A0557 /* SF-Pro-Rounded-Ultralight.otf */; };
		A46EB0A8257B3E71009A0557 /* SF-Pro-Text-Medium.otf in Resources */ = {isa = PBXBuildFile; fileRef = A46EB079257B3E71009A0557 /* SF-Pro-Text-Medium.otf */; };
		A46EB0A9257B3E71009A0557 /* SF-Pro-Rounded-Heavy.otf in Resources */ = {isa = PBXBuildFile; fileRef = A46EB07A257B3E71009A0557 /* SF-Pro-Rounded-Heavy.otf */; };
		A46EB0AA257B3E71009A0557 /* SF-Pro-Display-BoldItalic.otf in Resources */ = {isa = PBXBuildFile; fileRef = A46EB07B257B3E71009A0557 /* SF-Pro-Display-BoldItalic.otf */; };
		A46EB0AB257B3E71009A0557 /* SF-Pro-Rounded-Bold.otf in Resources */ = {isa = PBXBuildFile; fileRef = A46EB07C257B3E71009A0557 /* SF-Pro-Rounded-Bold.otf */; };
		A46EB0AC257B3E71009A0557 /* SF-Pro-Text-SemiboldItalic.otf in Resources */ = {isa = PBXBuildFile; fileRef = A46EB07D257B3E71009A0557 /* SF-Pro-Text-SemiboldItalic.otf */; };
		A4EE108E257B4281009257BB /* README.md in Resources */ = {isa = PBXBuildFile; fileRef = A4EE108D257B4281009257BB /* README.md */; };
/* End PBXBuildFile section */

/* Begin PBXContainerItemProxy section */
		8A76BB56257FAA7D00B0248B /* PBXContainerItemProxy */ = {
			isa = PBXContainerItemProxy;
			containerPortal = A46EB010257B3E49009A0557 /* Project object */;
			proxyType = 1;
			remoteGlobalIDString = 8A76BB46257FAA7900B0248B;
			remoteInfo = GrocermiWidgetExtensionExtension;
		};
		A46EB02F257B3E4B009A0557 /* PBXContainerItemProxy */ = {
			isa = PBXContainerItemProxy;
			containerPortal = A46EB010257B3E49009A0557 /* Project object */;
			proxyType = 1;
			remoteGlobalIDString = A46EB017257B3E49009A0557;
			remoteInfo = grocermi;
		};
		A46EB03A257B3E4B009A0557 /* PBXContainerItemProxy */ = {
			isa = PBXContainerItemProxy;
			containerPortal = A46EB010257B3E49009A0557 /* Project object */;
			proxyType = 1;
			remoteGlobalIDString = A46EB017257B3E49009A0557;
			remoteInfo = grocermi;
		};
/* End PBXContainerItemProxy section */

/* Begin PBXCopyFilesBuildPhase section */
		8A76BB5C257FAA7D00B0248B /* Embed App Extensions */ = {
			isa = PBXCopyFilesBuildPhase;
			buildActionMask = 2147483647;
			dstPath = "";
			dstSubfolderSpec = 13;
			files = (
				8A76BB58257FAA7D00B0248B /* GrocermiWidgetExtensionExtension.appex in Embed App Extensions */,
			);
			name = "Embed App Extensions";
			runOnlyForDeploymentPostprocessing = 0;
		};
/* End PBXCopyFilesBuildPhase section */

/* Begin PBXFileReference section */
		8A76BB2F257FA99500B0248B /* AddObjectFromHomeViewController.swift */ = {isa = PBXFileReference; lastKnownFileType = sourcecode.swift; path = AddObjectFromHomeViewController.swift; sourceTree = "<group>"; };
		8A76BB34257FA99E00B0248B /* ShoppingListViewController.swift */ = {isa = PBXFileReference; lastKnownFileType = sourcecode.swift; path = ShoppingListViewController.swift; sourceTree = "<group>"; };
		8A76BB39257FA9C800B0248B /* AddObjectFromShoppingViewController.swift */ = {isa = PBXFileReference; lastKnownFileType = sourcecode.swift; path = AddObjectFromShoppingViewController.swift; sourceTree = "<group>"; };
		8A76BB3E257FA9E600B0248B /* DetailsViewController.swift */ = {isa = PBXFileReference; lastKnownFileType = sourcecode.swift; path = DetailsViewController.swift; sourceTree = "<group>"; };
		8A76BB47257FAA7900B0248B /* GrocermiWidgetExtensionExtension.appex */ = {isa = PBXFileReference; explicitFileType = "wrapper.app-extension"; includeInIndex = 0; path = GrocermiWidgetExtensionExtension.appex; sourceTree = BUILT_PRODUCTS_DIR; };
		8A76BB49257FAA7900B0248B /* WidgetKit.framework */ = {isa = PBXFileReference; lastKnownFileType = wrapper.framework; name = WidgetKit.framework; path = System/Library/Frameworks/WidgetKit.framework; sourceTree = SDKROOT; };
		8A76BB4B257FAA7900B0248B /* SwiftUI.framework */ = {isa = PBXFileReference; lastKnownFileType = wrapper.framework; name = SwiftUI.framework; path = System/Library/Frameworks/SwiftUI.framework; sourceTree = SDKROOT; };
		8A76BB4E257FAA7900B0248B /* GrocermiWidgetExtension.swift */ = {isa = PBXFileReference; lastKnownFileType = sourcecode.swift; path = GrocermiWidgetExtension.swift; sourceTree = "<group>"; };
		8A76BB50257FAA7900B0248B /* GrocermiWidgetExtension.intentdefinition */ = {isa = PBXFileReference; lastKnownFileType = file.intentdefinition; path = GrocermiWidgetExtension.intentdefinition; sourceTree = "<group>"; };
		8A76BB51257FAA7D00B0248B /* Assets.xcassets */ = {isa = PBXFileReference; lastKnownFileType = folder.assetcatalog; path = Assets.xcassets; sourceTree = "<group>"; };
		8A76BB53257FAA7D00B0248B /* Info.plist */ = {isa = PBXFileReference; lastKnownFileType = text.plist.xml; path = Info.plist; sourceTree = "<group>"; };
		8A76BB61257FAAB900B0248B /* grocermi.entitlements */ = {isa = PBXFileReference; lastKnownFileType = text.plist.entitlements; path = grocermi.entitlements; sourceTree = "<group>"; };
		8A76BB76257FAB6600B0248B /* GrocermiWidgetExtensionExtension.entitlements */ = {isa = PBXFileReference; lastKnownFileType = text.plist.entitlements; path = GrocermiWidgetExtensionExtension.entitlements; sourceTree = "<group>"; };
		A46EB018257B3E49009A0557 /* grocermi.app */ = {isa = PBXFileReference; explicitFileType = wrapper.application; includeInIndex = 0; path = grocermi.app; sourceTree = BUILT_PRODUCTS_DIR; };
		A46EB01B257B3E49009A0557 /* AppDelegate.swift */ = {isa = PBXFileReference; lastKnownFileType = sourcecode.swift; path = AppDelegate.swift; sourceTree = "<group>"; };
		A46EB01D257B3E49009A0557 /* SceneDelegate.swift */ = {isa = PBXFileReference; lastKnownFileType = sourcecode.swift; path = SceneDelegate.swift; sourceTree = "<group>"; };
		A46EB01F257B3E49009A0557 /* HomeViewController.swift */ = {isa = PBXFileReference; lastKnownFileType = sourcecode.swift; path = HomeViewController.swift; sourceTree = "<group>"; };
		A46EB022257B3E49009A0557 /* Base */ = {isa = PBXFileReference; lastKnownFileType = file.storyboard; name = Base; path = Base.lproj/Main.storyboard; sourceTree = "<group>"; };
		A46EB024257B3E4B009A0557 /* Assets.xcassets */ = {isa = PBXFileReference; lastKnownFileType = folder.assetcatalog; path = Assets.xcassets; sourceTree = "<group>"; };
		A46EB027257B3E4B009A0557 /* Base */ = {isa = PBXFileReference; lastKnownFileType = file.storyboard; name = Base; path = Base.lproj/LaunchScreen.storyboard; sourceTree = "<group>"; };
		A46EB029257B3E4B009A0557 /* Info.plist */ = {isa = PBXFileReference; lastKnownFileType = text.plist.xml; path = Info.plist; sourceTree = "<group>"; };
		A46EB02E257B3E4B009A0557 /* grocermiTests.xctest */ = {isa = PBXFileReference; explicitFileType = wrapper.cfbundle; includeInIndex = 0; path = grocermiTests.xctest; sourceTree = BUILT_PRODUCTS_DIR; };
		A46EB039257B3E4B009A0557 /* grocermiUITests.xctest */ = {isa = PBXFileReference; explicitFileType = wrapper.cfbundle; includeInIndex = 0; path = grocermiUITests.xctest; sourceTree = BUILT_PRODUCTS_DIR; };
		A46EB04F257B3E71009A0557 /* SF-Pro-Italic.ttf */ = {isa = PBXFileReference; lastKnownFileType = file; path = "SF-Pro-Italic.ttf"; sourceTree = "<group>"; };
		A46EB050257B3E71009A0557 /* SF-Pro-Display-Thin.otf */ = {isa = PBXFileReference; lastKnownFileType = file; path = "SF-Pro-Display-Thin.otf"; sourceTree = "<group>"; };
		A46EB051257B3E71009A0557 /* SF-Pro-Display-SemiboldItalic.otf */ = {isa = PBXFileReference; lastKnownFileType = file; path = "SF-Pro-Display-SemiboldItalic.otf"; sourceTree = "<group>"; };
		A46EB052257B3E71009A0557 /* SF-Pro.ttf */ = {isa = PBXFileReference; lastKnownFileType = file; path = "SF-Pro.ttf"; sourceTree = "<group>"; };
		A46EB053257B3E71009A0557 /* SF-Pro-Text-UltralightItalic.otf */ = {isa = PBXFileReference; lastKnownFileType = file; path = "SF-Pro-Text-UltralightItalic.otf"; sourceTree = "<group>"; };
		A46EB054257B3E71009A0557 /* SF-Pro-Text-Heavy.otf */ = {isa = PBXFileReference; lastKnownFileType = file; path = "SF-Pro-Text-Heavy.otf"; sourceTree = "<group>"; };
		A46EB055257B3E71009A0557 /* SF-Pro-Display-RegularItalic.otf */ = {isa = PBXFileReference; lastKnownFileType = file; path = "SF-Pro-Display-RegularItalic.otf"; sourceTree = "<group>"; };
		A46EB056257B3E71009A0557 /* SF-Pro-Display-Light.otf */ = {isa = PBXFileReference; lastKnownFileType = file; path = "SF-Pro-Display-Light.otf"; sourceTree = "<group>"; };
		A46EB057257B3E71009A0557 /* SF-Pro-Rounded-Semibold.otf */ = {isa = PBXFileReference; lastKnownFileType = file; path = "SF-Pro-Rounded-Semibold.otf"; sourceTree = "<group>"; };
		A46EB058257B3E71009A0557 /* SF-Pro-Display-Regular.otf */ = {isa = PBXFileReference; lastKnownFileType = file; path = "SF-Pro-Display-Regular.otf"; sourceTree = "<group>"; };
		A46EB059257B3E71009A0557 /* SF-Pro-Text-MediumItalic.otf */ = {isa = PBXFileReference; lastKnownFileType = file; path = "SF-Pro-Text-MediumItalic.otf"; sourceTree = "<group>"; };
		A46EB05A257B3E71009A0557 /* SF-Pro-Display-Bold.otf */ = {isa = PBXFileReference; lastKnownFileType = file; path = "SF-Pro-Display-Bold.otf"; sourceTree = "<group>"; };
		A46EB05B257B3E71009A0557 /* SF-Pro-Rounded-Regular.otf */ = {isa = PBXFileReference; lastKnownFileType = file; path = "SF-Pro-Rounded-Regular.otf"; sourceTree = "<group>"; };
		A46EB05C257B3E71009A0557 /* SF-Pro-Display-Medium.otf */ = {isa = PBXFileReference; lastKnownFileType = file; path = "SF-Pro-Display-Medium.otf"; sourceTree = "<group>"; };
		A46EB05D257B3E71009A0557 /* SF-Pro-Display-Heavy.otf */ = {isa = PBXFileReference; lastKnownFileType = file; path = "SF-Pro-Display-Heavy.otf"; sourceTree = "<group>"; };
		A46EB05E257B3E71009A0557 /* SF-Pro-Text-Light.otf */ = {isa = PBXFileReference; lastKnownFileType = file; path = "SF-Pro-Text-Light.otf"; sourceTree = "<group>"; };
		A46EB05F257B3E71009A0557 /* SF-Pro-Rounded-Black.otf */ = {isa = PBXFileReference; lastKnownFileType = file; path = "SF-Pro-Rounded-Black.otf"; sourceTree = "<group>"; };
		A46EB060257B3E71009A0557 /* SF-Pro-Display-Semibold.otf */ = {isa = PBXFileReference; lastKnownFileType = file; path = "SF-Pro-Display-Semibold.otf"; sourceTree = "<group>"; };
		A46EB061257B3E71009A0557 /* SF-Pro-Text-BlackItalic.otf */ = {isa = PBXFileReference; lastKnownFileType = file; path = "SF-Pro-Text-BlackItalic.otf"; sourceTree = "<group>"; };
		A46EB062257B3E71009A0557 /* SF-Pro-Text-Black.otf */ = {isa = PBXFileReference; lastKnownFileType = file; path = "SF-Pro-Text-Black.otf"; sourceTree = "<group>"; };
		A46EB063257B3E71009A0557 /* SF-Pro-Rounded-Light.otf */ = {isa = PBXFileReference; lastKnownFileType = file; path = "SF-Pro-Rounded-Light.otf"; sourceTree = "<group>"; };
		A46EB064257B3E71009A0557 /* SF-Pro-Text-Regular.otf */ = {isa = PBXFileReference; lastKnownFileType = file; path = "SF-Pro-Text-Regular.otf"; sourceTree = "<group>"; };
		A46EB065257B3E71009A0557 /* SF-Pro-Text-Ultralight.otf */ = {isa = PBXFileReference; lastKnownFileType = file; path = "SF-Pro-Text-Ultralight.otf"; sourceTree = "<group>"; };
		A46EB066257B3E71009A0557 /* SF-Pro-Text-Bold.otf */ = {isa = PBXFileReference; lastKnownFileType = file; path = "SF-Pro-Text-Bold.otf"; sourceTree = "<group>"; };
		A46EB067257B3E71009A0557 /* SF-Pro-Text-Thin.otf */ = {isa = PBXFileReference; lastKnownFileType = file; path = "SF-Pro-Text-Thin.otf"; sourceTree = "<group>"; };
		A46EB068257B3E71009A0557 /* SF-Pro-Display-MediumItalic.otf */ = {isa = PBXFileReference; lastKnownFileType = file; path = "SF-Pro-Display-MediumItalic.otf"; sourceTree = "<group>"; };
		A46EB069257B3E71009A0557 /* SF-Pro-Display-HeavyItalic.otf */ = {isa = PBXFileReference; lastKnownFileType = file; path = "SF-Pro-Display-HeavyItalic.otf"; sourceTree = "<group>"; };
		A46EB06A257B3E71009A0557 /* SF-Pro-Display-Ultralight.otf */ = {isa = PBXFileReference; lastKnownFileType = file; path = "SF-Pro-Display-Ultralight.otf"; sourceTree = "<group>"; };
		A46EB06B257B3E71009A0557 /* SF-Pro-Display-UltralightItalic.otf */ = {isa = PBXFileReference; lastKnownFileType = file; path = "SF-Pro-Display-UltralightItalic.otf"; sourceTree = "<group>"; };
		A46EB06C257B3E71009A0557 /* SF-Pro-Display-LightItalic.otf */ = {isa = PBXFileReference; lastKnownFileType = file; path = "SF-Pro-Display-LightItalic.otf"; sourceTree = "<group>"; };
		A46EB06D257B3E71009A0557 /* SF-Pro-Rounded-Thin.otf */ = {isa = PBXFileReference; lastKnownFileType = file; path = "SF-Pro-Rounded-Thin.otf"; sourceTree = "<group>"; };
		A46EB06E257B3E71009A0557 /* SF-Pro-Text-ThinItalic.otf */ = {isa = PBXFileReference; lastKnownFileType = file; path = "SF-Pro-Text-ThinItalic.otf"; sourceTree = "<group>"; };
		A46EB06F257B3E71009A0557 /* SF-Pro-Display-BlackItalic.otf */ = {isa = PBXFileReference; lastKnownFileType = file; path = "SF-Pro-Display-BlackItalic.otf"; sourceTree = "<group>"; };
		A46EB070257B3E71009A0557 /* SF-Pro-Display-Black.otf */ = {isa = PBXFileReference; lastKnownFileType = file; path = "SF-Pro-Display-Black.otf"; sourceTree = "<group>"; };
		A46EB071257B3E71009A0557 /* SF-Pro-Rounded-Medium.otf */ = {isa = PBXFileReference; lastKnownFileType = file; path = "SF-Pro-Rounded-Medium.otf"; sourceTree = "<group>"; };
		A46EB072257B3E71009A0557 /* SF-Pro-Text-BoldItalic.otf */ = {isa = PBXFileReference; lastKnownFileType = file; path = "SF-Pro-Text-BoldItalic.otf"; sourceTree = "<group>"; };
		A46EB073257B3E71009A0557 /* SF-Pro-Text-RegularItalic.otf */ = {isa = PBXFileReference; lastKnownFileType = file; path = "SF-Pro-Text-RegularItalic.otf"; sourceTree = "<group>"; };
		A46EB074257B3E71009A0557 /* SF-Pro-Text-Semibold.otf */ = {isa = PBXFileReference; lastKnownFileType = file; path = "SF-Pro-Text-Semibold.otf"; sourceTree = "<group>"; };
		A46EB075257B3E71009A0557 /* SF-Pro-Text-HeavyItalic.otf */ = {isa = PBXFileReference; lastKnownFileType = file; path = "SF-Pro-Text-HeavyItalic.otf"; sourceTree = "<group>"; };
		A46EB076257B3E71009A0557 /* SF-Pro-Display-ThinItalic.otf */ = {isa = PBXFileReference; lastKnownFileType = file; path = "SF-Pro-Display-ThinItalic.otf"; sourceTree = "<group>"; };
		A46EB077257B3E71009A0557 /* SF-Pro-Text-LightItalic.otf */ = {isa = PBXFileReference; lastKnownFileType = file; path = "SF-Pro-Text-LightItalic.otf"; sourceTree = "<group>"; };
		A46EB078257B3E71009A0557 /* SF-Pro-Rounded-Ultralight.otf */ = {isa = PBXFileReference; lastKnownFileType = file; path = "SF-Pro-Rounded-Ultralight.otf"; sourceTree = "<group>"; };
		A46EB079257B3E71009A0557 /* SF-Pro-Text-Medium.otf */ = {isa = PBXFileReference; lastKnownFileType = file; path = "SF-Pro-Text-Medium.otf"; sourceTree = "<group>"; };
		A46EB07A257B3E71009A0557 /* SF-Pro-Rounded-Heavy.otf */ = {isa = PBXFileReference; lastKnownFileType = file; path = "SF-Pro-Rounded-Heavy.otf"; sourceTree = "<group>"; };
		A46EB07B257B3E71009A0557 /* SF-Pro-Display-BoldItalic.otf */ = {isa = PBXFileReference; lastKnownFileType = file; path = "SF-Pro-Display-BoldItalic.otf"; sourceTree = "<group>"; };
		A46EB07C257B3E71009A0557 /* SF-Pro-Rounded-Bold.otf */ = {isa = PBXFileReference; lastKnownFileType = file; path = "SF-Pro-Rounded-Bold.otf"; sourceTree = "<group>"; };
		A46EB07D257B3E71009A0557 /* SF-Pro-Text-SemiboldItalic.otf */ = {isa = PBXFileReference; lastKnownFileType = file; path = "SF-Pro-Text-SemiboldItalic.otf"; sourceTree = "<group>"; };
		A4EE108D257B4281009257BB /* README.md */ = {isa = PBXFileReference; fileEncoding = 4; lastKnownFileType = net.daringfireball.markdown; path = README.md; sourceTree = "<group>"; };
/* End PBXFileReference section */

/* Begin PBXFrameworksBuildPhase section */
		8A76BB44257FAA7900B0248B /* Frameworks */ = {
			isa = PBXFrameworksBuildPhase;
			buildActionMask = 2147483647;
			files = (
				8A76BB4C257FAA7900B0248B /* SwiftUI.framework in Frameworks */,
				8A76BB4A257FAA7900B0248B /* WidgetKit.framework in Frameworks */,
			);
			runOnlyForDeploymentPostprocessing = 0;
		};
		A46EB015257B3E49009A0557 /* Frameworks */ = {
			isa = PBXFrameworksBuildPhase;
			buildActionMask = 2147483647;
			files = (
			);
			runOnlyForDeploymentPostprocessing = 0;
		};
		A46EB02B257B3E4B009A0557 /* Frameworks */ = {
			isa = PBXFrameworksBuildPhase;
			buildActionMask = 2147483647;
			files = (
			);
			runOnlyForDeploymentPostprocessing = 0;
		};
		A46EB036257B3E4B009A0557 /* Frameworks */ = {
			isa = PBXFrameworksBuildPhase;
			buildActionMask = 2147483647;
			files = (
			);
			runOnlyForDeploymentPostprocessing = 0;
		};
/* End PBXFrameworksBuildPhase section */

/* Begin PBXGroup section */
		8A76BB48257FAA7900B0248B /* Frameworks */ = {
			isa = PBXGroup;
			children = (
				8A76BB49257FAA7900B0248B /* WidgetKit.framework */,
				8A76BB4B257FAA7900B0248B /* SwiftUI.framework */,
			);
			name = Frameworks;
			sourceTree = "<group>";
		};
		8A76BB4D257FAA7900B0248B /* GrocermiWidgetExtension */ = {
			isa = PBXGroup;
			children = (
				8A76BB4E257FAA7900B0248B /* GrocermiWidgetExtension.swift */,
				8A76BB50257FAA7900B0248B /* GrocermiWidgetExtension.intentdefinition */,
				8A76BB51257FAA7D00B0248B /* Assets.xcassets */,
				8A76BB53257FAA7D00B0248B /* Info.plist */,
			);
			path = GrocermiWidgetExtension;
			sourceTree = "<group>";
		};
		A46EB00F257B3E49009A0557 = {
			isa = PBXGroup;
			children = (
				8A76BB76257FAB6600B0248B /* GrocermiWidgetExtensionExtension.entitlements */,
				A4EE108D257B4281009257BB /* README.md */,
				A46EB01A257B3E49009A0557 /* grocermi */,
				8A76BB4D257FAA7900B0248B /* GrocermiWidgetExtension */,
				8A76BB48257FAA7900B0248B /* Frameworks */,
				A46EB019257B3E49009A0557 /* Products */,
			);
			sourceTree = "<group>";
		};
		A46EB019257B3E49009A0557 /* Products */ = {
			isa = PBXGroup;
			children = (
				A46EB018257B3E49009A0557 /* grocermi.app */,
				A46EB02E257B3E4B009A0557 /* grocermiTests.xctest */,
				A46EB039257B3E4B009A0557 /* grocermiUITests.xctest */,
				8A76BB47257FAA7900B0248B /* GrocermiWidgetExtensionExtension.appex */,
			);
			name = Products;
			sourceTree = "<group>";
		};
		A46EB01A257B3E49009A0557 /* grocermi */ = {
			isa = PBXGroup;
			children = (
				8A76BB61257FAAB900B0248B /* grocermi.entitlements */,
				A46EB01B257B3E49009A0557 /* AppDelegate.swift */,
				A46EB01D257B3E49009A0557 /* SceneDelegate.swift */,
				A46EB021257B3E49009A0557 /* Main.storyboard */,
				8A76BB3E257FA9E600B0248B /* DetailsViewController.swift */,
				A46EB01F257B3E49009A0557 /* HomeViewController.swift */,
				8A76BB2F257FA99500B0248B /* AddObjectFromHomeViewController.swift */,
				8A76BB39257FA9C800B0248B /* AddObjectFromShoppingViewController.swift */,
				8A76BB34257FA99E00B0248B /* ShoppingListViewController.swift */,
				A46EB024257B3E4B009A0557 /* Assets.xcassets */,
				A46EB026257B3E4B009A0557 /* LaunchScreen.storyboard */,
				A46EB029257B3E4B009A0557 /* Info.plist */,
				A46EB04E257B3E71009A0557 /* Resources */,
			);
			path = grocermi;
			sourceTree = "<group>";
		};
		A46EB04E257B3E71009A0557 /* Resources */ = {
			isa = PBXGroup;
			children = (
				A46EB04F257B3E71009A0557 /* SF-Pro-Italic.ttf */,
				A46EB050257B3E71009A0557 /* SF-Pro-Display-Thin.otf */,
				A46EB051257B3E71009A0557 /* SF-Pro-Display-SemiboldItalic.otf */,
				A46EB052257B3E71009A0557 /* SF-Pro.ttf */,
				A46EB053257B3E71009A0557 /* SF-Pro-Text-UltralightItalic.otf */,
				A46EB054257B3E71009A0557 /* SF-Pro-Text-Heavy.otf */,
				A46EB055257B3E71009A0557 /* SF-Pro-Display-RegularItalic.otf */,
				A46EB056257B3E71009A0557 /* SF-Pro-Display-Light.otf */,
				A46EB057257B3E71009A0557 /* SF-Pro-Rounded-Semibold.otf */,
				A46EB058257B3E71009A0557 /* SF-Pro-Display-Regular.otf */,
				A46EB059257B3E71009A0557 /* SF-Pro-Text-MediumItalic.otf */,
				A46EB05A257B3E71009A0557 /* SF-Pro-Display-Bold.otf */,
				A46EB05B257B3E71009A0557 /* SF-Pro-Rounded-Regular.otf */,
				A46EB05C257B3E71009A0557 /* SF-Pro-Display-Medium.otf */,
				A46EB05D257B3E71009A0557 /* SF-Pro-Display-Heavy.otf */,
				A46EB05E257B3E71009A0557 /* SF-Pro-Text-Light.otf */,
				A46EB05F257B3E71009A0557 /* SF-Pro-Rounded-Black.otf */,
				A46EB060257B3E71009A0557 /* SF-Pro-Display-Semibold.otf */,
				A46EB061257B3E71009A0557 /* SF-Pro-Text-BlackItalic.otf */,
				A46EB062257B3E71009A0557 /* SF-Pro-Text-Black.otf */,
				A46EB063257B3E71009A0557 /* SF-Pro-Rounded-Light.otf */,
				A46EB064257B3E71009A0557 /* SF-Pro-Text-Regular.otf */,
				A46EB065257B3E71009A0557 /* SF-Pro-Text-Ultralight.otf */,
				A46EB066257B3E71009A0557 /* SF-Pro-Text-Bold.otf */,
				A46EB067257B3E71009A0557 /* SF-Pro-Text-Thin.otf */,
				A46EB068257B3E71009A0557 /* SF-Pro-Display-MediumItalic.otf */,
				A46EB069257B3E71009A0557 /* SF-Pro-Display-HeavyItalic.otf */,
				A46EB06A257B3E71009A0557 /* SF-Pro-Display-Ultralight.otf */,
				A46EB06B257B3E71009A0557 /* SF-Pro-Display-UltralightItalic.otf */,
				A46EB06C257B3E71009A0557 /* SF-Pro-Display-LightItalic.otf */,
				A46EB06D257B3E71009A0557 /* SF-Pro-Rounded-Thin.otf */,
				A46EB06E257B3E71009A0557 /* SF-Pro-Text-ThinItalic.otf */,
				A46EB06F257B3E71009A0557 /* SF-Pro-Display-BlackItalic.otf */,
				A46EB070257B3E71009A0557 /* SF-Pro-Display-Black.otf */,
				A46EB071257B3E71009A0557 /* SF-Pro-Rounded-Medium.otf */,
				A46EB072257B3E71009A0557 /* SF-Pro-Text-BoldItalic.otf */,
				A46EB073257B3E71009A0557 /* SF-Pro-Text-RegularItalic.otf */,
				A46EB074257B3E71009A0557 /* SF-Pro-Text-Semibold.otf */,
				A46EB075257B3E71009A0557 /* SF-Pro-Text-HeavyItalic.otf */,
				A46EB076257B3E71009A0557 /* SF-Pro-Display-ThinItalic.otf */,
				A46EB077257B3E71009A0557 /* SF-Pro-Text-LightItalic.otf */,
				A46EB078257B3E71009A0557 /* SF-Pro-Rounded-Ultralight.otf */,
				A46EB079257B3E71009A0557 /* SF-Pro-Text-Medium.otf */,
				A46EB07A257B3E71009A0557 /* SF-Pro-Rounded-Heavy.otf */,
				A46EB07B257B3E71009A0557 /* SF-Pro-Display-BoldItalic.otf */,
				A46EB07C257B3E71009A0557 /* SF-Pro-Rounded-Bold.otf */,
				A46EB07D257B3E71009A0557 /* SF-Pro-Text-SemiboldItalic.otf */,
			);
			path = Resources;
			sourceTree = "<group>";
		};
/* End PBXGroup section */

/* Begin PBXNativeTarget section */
		8A76BB46257FAA7900B0248B /* GrocermiWidgetExtensionExtension */ = {
			isa = PBXNativeTarget;
			buildConfigurationList = 8A76BB59257FAA7D00B0248B /* Build configuration list for PBXNativeTarget "GrocermiWidgetExtensionExtension" */;
			buildPhases = (
				8A76BB43257FAA7900B0248B /* Sources */,
				8A76BB44257FAA7900B0248B /* Frameworks */,
				8A76BB45257FAA7900B0248B /* Resources */,
			);
			buildRules = (
			);
			dependencies = (
			);
			name = GrocermiWidgetExtensionExtension;
			productName = GrocermiWidgetExtensionExtension;
			productReference = 8A76BB47257FAA7900B0248B /* GrocermiWidgetExtensionExtension.appex */;
			productType = "com.apple.product-type.app-extension";
		};
		A46EB017257B3E49009A0557 /* grocermi */ = {
			isa = PBXNativeTarget;
			buildConfigurationList = A46EB042257B3E4B009A0557 /* Build configuration list for PBXNativeTarget "grocermi" */;
			buildPhases = (
				A46EB014257B3E49009A0557 /* Sources */,
				A46EB015257B3E49009A0557 /* Frameworks */,
				A46EB016257B3E49009A0557 /* Resources */,
				8A76BB5C257FAA7D00B0248B /* Embed App Extensions */,
			);
			buildRules = (
			);
			dependencies = (
				8A76BB57257FAA7D00B0248B /* PBXTargetDependency */,
			);
			name = grocermi;
			productName = grocermi;
			productReference = A46EB018257B3E49009A0557 /* grocermi.app */;
			productType = "com.apple.product-type.application";
		};
		A46EB02D257B3E4B009A0557 /* grocermiTests */ = {
			isa = PBXNativeTarget;
			buildConfigurationList = A46EB045257B3E4B009A0557 /* Build configuration list for PBXNativeTarget "grocermiTests" */;
			buildPhases = (
				A46EB02A257B3E4B009A0557 /* Sources */,
				A46EB02B257B3E4B009A0557 /* Frameworks */,
				A46EB02C257B3E4B009A0557 /* Resources */,
			);
			buildRules = (
			);
			dependencies = (
				A46EB030257B3E4B009A0557 /* PBXTargetDependency */,
			);
			name = grocermiTests;
			productName = grocermiTests;
			productReference = A46EB02E257B3E4B009A0557 /* grocermiTests.xctest */;
			productType = "com.apple.product-type.bundle.unit-test";
		};
		A46EB038257B3E4B009A0557 /* grocermiUITests */ = {
			isa = PBXNativeTarget;
			buildConfigurationList = A46EB048257B3E4B009A0557 /* Build configuration list for PBXNativeTarget "grocermiUITests" */;
			buildPhases = (
				A46EB035257B3E4B009A0557 /* Sources */,
				A46EB036257B3E4B009A0557 /* Frameworks */,
				A46EB037257B3E4B009A0557 /* Resources */,
			);
			buildRules = (
			);
			dependencies = (
				A46EB03B257B3E4B009A0557 /* PBXTargetDependency */,
			);
			name = grocermiUITests;
			productName = grocermiUITests;
			productReference = A46EB039257B3E4B009A0557 /* grocermiUITests.xctest */;
			productType = "com.apple.product-type.bundle.ui-testing";
		};
/* End PBXNativeTarget section */

/* Begin PBXProject section */
		A46EB010257B3E49009A0557 /* Project object */ = {
			isa = PBXProject;
			attributes = {
				LastSwiftUpdateCheck = 1230;
				LastUpgradeCheck = 1220;
				TargetAttributes = {
					8A76BB46257FAA7900B0248B = {
						CreatedOnToolsVersion = 12.3;
					};
					A46EB017257B3E49009A0557 = {
						CreatedOnToolsVersion = 12.2;
					};
					A46EB02D257B3E4B009A0557 = {
						CreatedOnToolsVersion = 12.2;
						TestTargetID = A46EB017257B3E49009A0557;
					};
					A46EB038257B3E4B009A0557 = {
						CreatedOnToolsVersion = 12.2;
						TestTargetID = A46EB017257B3E49009A0557;
					};
				};
			};
			buildConfigurationList = A46EB013257B3E49009A0557 /* Build configuration list for PBXProject "grocermi" */;
			compatibilityVersion = "Xcode 9.3";
			developmentRegion = en;
			hasScannedForEncodings = 0;
			knownRegions = (
				en,
				Base,
			);
			mainGroup = A46EB00F257B3E49009A0557;
			productRefGroup = A46EB019257B3E49009A0557 /* Products */;
			projectDirPath = "";
			projectRoot = "";
			targets = (
				A46EB017257B3E49009A0557 /* grocermi */,
				A46EB02D257B3E4B009A0557 /* grocermiTests */,
				A46EB038257B3E4B009A0557 /* grocermiUITests */,
				8A76BB46257FAA7900B0248B /* GrocermiWidgetExtensionExtension */,
			);
		};
/* End PBXProject section */

/* Begin PBXResourcesBuildPhase section */
		8A76BB45257FAA7900B0248B /* Resources */ = {
			isa = PBXResourcesBuildPhase;
			buildActionMask = 2147483647;
			files = (
				8A76BB52257FAA7D00B0248B /* Assets.xcassets in Resources */,
			);
			runOnlyForDeploymentPostprocessing = 0;
		};
		A46EB016257B3E49009A0557 /* Resources */ = {
			isa = PBXResourcesBuildPhase;
			buildActionMask = 2147483647;
			files = (
				A46EB07F257B3E71009A0557 /* SF-Pro-Display-Thin.otf in Resources */,
				A46EB092257B3E71009A0557 /* SF-Pro-Rounded-Light.otf in Resources */,
				A46EB0A2257B3E71009A0557 /* SF-Pro-Text-RegularItalic.otf in Resources */,
				A46EB087257B3E71009A0557 /* SF-Pro-Display-Regular.otf in Resources */,
				A46EB0A9257B3E71009A0557 /* SF-Pro-Rounded-Heavy.otf in Resources */,
				A46EB09C257B3E71009A0557 /* SF-Pro-Rounded-Thin.otf in Resources */,
				A46EB08E257B3E71009A0557 /* SF-Pro-Rounded-Black.otf in Resources */,
				A46EB099257B3E71009A0557 /* SF-Pro-Display-Ultralight.otf in Resources */,
				A46EB08F257B3E71009A0557 /* SF-Pro-Display-Semibold.otf in Resources */,
				A46EB0A5257B3E71009A0557 /* SF-Pro-Display-ThinItalic.otf in Resources */,
				A46EB028257B3E4B009A0557 /* LaunchScreen.storyboard in Resources */,
				A46EB080257B3E71009A0557 /* SF-Pro-Display-SemiboldItalic.otf in Resources */,
				A46EB09F257B3E71009A0557 /* SF-Pro-Display-Black.otf in Resources */,
				A46EB0A4257B3E71009A0557 /* SF-Pro-Text-HeavyItalic.otf in Resources */,
				A46EB09B257B3E71009A0557 /* SF-Pro-Display-LightItalic.otf in Resources */,
				A46EB08D257B3E71009A0557 /* SF-Pro-Text-Light.otf in Resources */,
				A46EB081257B3E71009A0557 /* SF-Pro.ttf in Resources */,
				A46EB0A1257B3E71009A0557 /* SF-Pro-Text-BoldItalic.otf in Resources */,
				A46EB0AA257B3E71009A0557 /* SF-Pro-Display-BoldItalic.otf in Resources */,
				A46EB097257B3E71009A0557 /* SF-Pro-Display-MediumItalic.otf in Resources */,
				A46EB0A7257B3E71009A0557 /* SF-Pro-Rounded-Ultralight.otf in Resources */,
				A46EB08A257B3E71009A0557 /* SF-Pro-Rounded-Regular.otf in Resources */,
				A46EB09D257B3E71009A0557 /* SF-Pro-Text-ThinItalic.otf in Resources */,
				A46EB083257B3E71009A0557 /* SF-Pro-Text-Heavy.otf in Resources */,
				A46EB0A8257B3E71009A0557 /* SF-Pro-Text-Medium.otf in Resources */,
				A46EB094257B3E71009A0557 /* SF-Pro-Text-Ultralight.otf in Resources */,
				A46EB096257B3E71009A0557 /* SF-Pro-Text-Thin.otf in Resources */,
				A46EB09A257B3E71009A0557 /* SF-Pro-Display-UltralightItalic.otf in Resources */,
				A46EB025257B3E4B009A0557 /* Assets.xcassets in Resources */,
				A46EB091257B3E71009A0557 /* SF-Pro-Text-Black.otf in Resources */,
				A46EB023257B3E49009A0557 /* Main.storyboard in Resources */,
				A46EB088257B3E71009A0557 /* SF-Pro-Text-MediumItalic.otf in Resources */,
				A46EB086257B3E71009A0557 /* SF-Pro-Rounded-Semibold.otf in Resources */,
				A46EB098257B3E71009A0557 /* SF-Pro-Display-HeavyItalic.otf in Resources */,
				A46EB095257B3E71009A0557 /* SF-Pro-Text-Bold.otf in Resources */,
				A46EB093257B3E71009A0557 /* SF-Pro-Text-Regular.otf in Resources */,
				A46EB085257B3E71009A0557 /* SF-Pro-Display-Light.otf in Resources */,
				A46EB089257B3E71009A0557 /* SF-Pro-Display-Bold.otf in Resources */,
				A46EB0A6257B3E71009A0557 /* SF-Pro-Text-LightItalic.otf in Resources */,
				A46EB082257B3E71009A0557 /* SF-Pro-Text-UltralightItalic.otf in Resources */,
				A46EB0A0257B3E71009A0557 /* SF-Pro-Rounded-Medium.otf in Resources */,
				A46EB084257B3E71009A0557 /* SF-Pro-Display-RegularItalic.otf in Resources */,
				A46EB09E257B3E71009A0557 /* SF-Pro-Display-BlackItalic.otf in Resources */,
				A46EB07E257B3E71009A0557 /* SF-Pro-Italic.ttf in Resources */,
				A46EB0AC257B3E71009A0557 /* SF-Pro-Text-SemiboldItalic.otf in Resources */,
				A4EE108E257B4281009257BB /* README.md in Resources */,
				A46EB090257B3E71009A0557 /* SF-Pro-Text-BlackItalic.otf in Resources */,
				A46EB08B257B3E71009A0557 /* SF-Pro-Display-Medium.otf in Resources */,
				A46EB0A3257B3E71009A0557 /* SF-Pro-Text-Semibold.otf in Resources */,
				A46EB0AB257B3E71009A0557 /* SF-Pro-Rounded-Bold.otf in Resources */,
				A46EB08C257B3E71009A0557 /* SF-Pro-Display-Heavy.otf in Resources */,
			);
			runOnlyForDeploymentPostprocessing = 0;
		};
		A46EB02C257B3E4B009A0557 /* Resources */ = {
			isa = PBXResourcesBuildPhase;
			buildActionMask = 2147483647;
			files = (
			);
			runOnlyForDeploymentPostprocessing = 0;
		};
		A46EB037257B3E4B009A0557 /* Resources */ = {
			isa = PBXResourcesBuildPhase;
			buildActionMask = 2147483647;
			files = (
			);
			runOnlyForDeploymentPostprocessing = 0;
		};
/* End PBXResourcesBuildPhase section */

/* Begin PBXSourcesBuildPhase section */
		8A76BB43257FAA7900B0248B /* Sources */ = {
			isa = PBXSourcesBuildPhase;
			buildActionMask = 2147483647;
			files = (
				8A76BB54257FAA7D00B0248B /* GrocermiWidgetExtension.intentdefinition in Sources */,
				8A76BB4F257FAA7900B0248B /* GrocermiWidgetExtension.swift in Sources */,
			);
			runOnlyForDeploymentPostprocessing = 0;
		};
		A46EB014257B3E49009A0557 /* Sources */ = {
			isa = PBXSourcesBuildPhase;
			buildActionMask = 2147483647;
			files = (
				A46EB020257B3E49009A0557 /* HomeViewController.swift in Sources */,
				A46EB01C257B3E49009A0557 /* AppDelegate.swift in Sources */,
				8A76BB55257FAA7D00B0248B /* GrocermiWidgetExtension.intentdefinition in Sources */,
				8A76BB35257FA99E00B0248B /* ShoppingListViewController.swift in Sources */,
				A46EB01E257B3E49009A0557 /* SceneDelegate.swift in Sources */,
				8A76BB3F257FA9E600B0248B /* DetailsViewController.swift in Sources */,
				8A76BB30257FA99500B0248B /* AddObjectFromHomeViewController.swift in Sources */,
				8A76BB3A257FA9C800B0248B /* AddObjectFromShoppingViewController.swift in Sources */,
			);
			runOnlyForDeploymentPostprocessing = 0;
		};
		A46EB02A257B3E4B009A0557 /* Sources */ = {
			isa = PBXSourcesBuildPhase;
			buildActionMask = 2147483647;
			files = (
			);
			runOnlyForDeploymentPostprocessing = 0;
		};
		A46EB035257B3E4B009A0557 /* Sources */ = {
			isa = PBXSourcesBuildPhase;
			buildActionMask = 2147483647;
			files = (
			);
			runOnlyForDeploymentPostprocessing = 0;
		};
/* End PBXSourcesBuildPhase section */

/* Begin PBXTargetDependency section */
		8A76BB57257FAA7D00B0248B /* PBXTargetDependency */ = {
			isa = PBXTargetDependency;
			target = 8A76BB46257FAA7900B0248B /* GrocermiWidgetExtensionExtension */;
			targetProxy = 8A76BB56257FAA7D00B0248B /* PBXContainerItemProxy */;
		};
		A46EB030257B3E4B009A0557 /* PBXTargetDependency */ = {
			isa = PBXTargetDependency;
			target = A46EB017257B3E49009A0557 /* grocermi */;
			targetProxy = A46EB02F257B3E4B009A0557 /* PBXContainerItemProxy */;
		};
		A46EB03B257B3E4B009A0557 /* PBXTargetDependency */ = {
			isa = PBXTargetDependency;
			target = A46EB017257B3E49009A0557 /* grocermi */;
			targetProxy = A46EB03A257B3E4B009A0557 /* PBXContainerItemProxy */;
		};
/* End PBXTargetDependency section */

/* Begin PBXVariantGroup section */
		A46EB021257B3E49009A0557 /* Main.storyboard */ = {
			isa = PBXVariantGroup;
			children = (
				A46EB022257B3E49009A0557 /* Base */,
			);
			name = Main.storyboard;
			sourceTree = "<group>";
		};
		A46EB026257B3E4B009A0557 /* LaunchScreen.storyboard */ = {
			isa = PBXVariantGroup;
			children = (
				A46EB027257B3E4B009A0557 /* Base */,
			);
			name = LaunchScreen.storyboard;
			sourceTree = "<group>";
		};
/* End PBXVariantGroup section */

/* Begin XCBuildConfiguration section */
		8A76BB5A257FAA7D00B0248B /* Debug */ = {
			isa = XCBuildConfiguration;
			buildSettings = {
				ASSETCATALOG_COMPILER_GLOBAL_ACCENT_COLOR_NAME = AccentColor;
				ASSETCATALOG_COMPILER_WIDGET_BACKGROUND_COLOR_NAME = WidgetBackground;
				CODE_SIGN_ENTITLEMENTS = GrocermiWidgetExtensionExtension.entitlements;
				CODE_SIGN_STYLE = Automatic;
				DEVELOPMENT_TEAM = 9A8NT6G2XM;
				INFOPLIST_FILE = GrocermiWidgetExtension/Info.plist;
				IPHONEOS_DEPLOYMENT_TARGET = 14.2;
				LD_RUNPATH_SEARCH_PATHS = (
					"$(inherited)",
					"@executable_path/Frameworks",
					"@executable_path/../../Frameworks",
				);
				PRODUCT_BUNDLE_IDENTIFIER = org.swiftinsg.grocermi.GrocermiWidgetExtension;
				PRODUCT_NAME = "$(TARGET_NAME)";
				SKIP_INSTALL = YES;
				SWIFT_VERSION = 5.0;
				TARGETED_DEVICE_FAMILY = "1,2";
			};
			name = Debug;
		};
		8A76BB5B257FAA7D00B0248B /* Release */ = {
			isa = XCBuildConfiguration;
			buildSettings = {
				ASSETCATALOG_COMPILER_GLOBAL_ACCENT_COLOR_NAME = AccentColor;
				ASSETCATALOG_COMPILER_WIDGET_BACKGROUND_COLOR_NAME = WidgetBackground;
				CODE_SIGN_ENTITLEMENTS = GrocermiWidgetExtensionExtension.entitlements;
				CODE_SIGN_STYLE = Automatic;
				DEVELOPMENT_TEAM = 9A8NT6G2XM;
				INFOPLIST_FILE = GrocermiWidgetExtension/Info.plist;
				IPHONEOS_DEPLOYMENT_TARGET = 14.2;
				LD_RUNPATH_SEARCH_PATHS = (
					"$(inherited)",
					"@executable_path/Frameworks",
					"@executable_path/../../Frameworks",
				);
				PRODUCT_BUNDLE_IDENTIFIER = org.swiftinsg.grocermi.GrocermiWidgetExtension;
				PRODUCT_NAME = "$(TARGET_NAME)";
				SKIP_INSTALL = YES;
				SWIFT_VERSION = 5.0;
				TARGETED_DEVICE_FAMILY = "1,2";
			};
			name = Release;
		};
		A46EB040257B3E4B009A0557 /* Debug */ = {
			isa = XCBuildConfiguration;
			buildSettings = {
				ALWAYS_SEARCH_USER_PATHS = NO;
				CLANG_ANALYZER_NONNULL = YES;
				CLANG_ANALYZER_NUMBER_OBJECT_CONVERSION = YES_AGGRESSIVE;
				CLANG_CXX_LANGUAGE_STANDARD = "gnu++14";
				CLANG_CXX_LIBRARY = "libc++";
				CLANG_ENABLE_MODULES = YES;
				CLANG_ENABLE_OBJC_ARC = YES;
				CLANG_ENABLE_OBJC_WEAK = YES;
				CLANG_WARN_BLOCK_CAPTURE_AUTORELEASING = YES;
				CLANG_WARN_BOOL_CONVERSION = YES;
				CLANG_WARN_COMMA = YES;
				CLANG_WARN_CONSTANT_CONVERSION = YES;
				CLANG_WARN_DEPRECATED_OBJC_IMPLEMENTATIONS = YES;
				CLANG_WARN_DIRECT_OBJC_ISA_USAGE = YES_ERROR;
				CLANG_WARN_DOCUMENTATION_COMMENTS = YES;
				CLANG_WARN_EMPTY_BODY = YES;
				CLANG_WARN_ENUM_CONVERSION = YES;
				CLANG_WARN_INFINITE_RECURSION = YES;
				CLANG_WARN_INT_CONVERSION = YES;
				CLANG_WARN_NON_LITERAL_NULL_CONVERSION = YES;
				CLANG_WARN_OBJC_IMPLICIT_RETAIN_SELF = YES;
				CLANG_WARN_OBJC_LITERAL_CONVERSION = YES;
				CLANG_WARN_OBJC_ROOT_CLASS = YES_ERROR;
				CLANG_WARN_QUOTED_INCLUDE_IN_FRAMEWORK_HEADER = YES;
				CLANG_WARN_RANGE_LOOP_ANALYSIS = YES;
				CLANG_WARN_STRICT_PROTOTYPES = YES;
				CLANG_WARN_SUSPICIOUS_MOVE = YES;
				CLANG_WARN_UNGUARDED_AVAILABILITY = YES_AGGRESSIVE;
				CLANG_WARN_UNREACHABLE_CODE = YES;
				CLANG_WARN__DUPLICATE_METHOD_MATCH = YES;
				COPY_PHASE_STRIP = NO;
				DEBUG_INFORMATION_FORMAT = dwarf;
				ENABLE_STRICT_OBJC_MSGSEND = YES;
				ENABLE_TESTABILITY = YES;
				GCC_C_LANGUAGE_STANDARD = gnu11;
				GCC_DYNAMIC_NO_PIC = NO;
				GCC_NO_COMMON_BLOCKS = YES;
				GCC_OPTIMIZATION_LEVEL = 0;
				GCC_PREPROCESSOR_DEFINITIONS = (
					"DEBUG=1",
					"$(inherited)",
				);
				GCC_WARN_64_TO_32_BIT_CONVERSION = YES;
				GCC_WARN_ABOUT_RETURN_TYPE = YES_ERROR;
				GCC_WARN_UNDECLARED_SELECTOR = YES;
				GCC_WARN_UNINITIALIZED_AUTOS = YES_AGGRESSIVE;
				GCC_WARN_UNUSED_FUNCTION = YES;
				GCC_WARN_UNUSED_VARIABLE = YES;
				IPHONEOS_DEPLOYMENT_TARGET = 14.2;
				MTL_ENABLE_DEBUG_INFO = INCLUDE_SOURCE;
				MTL_FAST_MATH = YES;
				ONLY_ACTIVE_ARCH = YES;
				SDKROOT = iphoneos;
				SWIFT_ACTIVE_COMPILATION_CONDITIONS = DEBUG;
				SWIFT_OPTIMIZATION_LEVEL = "-Onone";
			};
			name = Debug;
		};
		A46EB041257B3E4B009A0557 /* Release */ = {
			isa = XCBuildConfiguration;
			buildSettings = {
				ALWAYS_SEARCH_USER_PATHS = NO;
				CLANG_ANALYZER_NONNULL = YES;
				CLANG_ANALYZER_NUMBER_OBJECT_CONVERSION = YES_AGGRESSIVE;
				CLANG_CXX_LANGUAGE_STANDARD = "gnu++14";
				CLANG_CXX_LIBRARY = "libc++";
				CLANG_ENABLE_MODULES = YES;
				CLANG_ENABLE_OBJC_ARC = YES;
				CLANG_ENABLE_OBJC_WEAK = YES;
				CLANG_WARN_BLOCK_CAPTURE_AUTORELEASING = YES;
				CLANG_WARN_BOOL_CONVERSION = YES;
				CLANG_WARN_COMMA = YES;
				CLANG_WARN_CONSTANT_CONVERSION = YES;
				CLANG_WARN_DEPRECATED_OBJC_IMPLEMENTATIONS = YES;
				CLANG_WARN_DIRECT_OBJC_ISA_USAGE = YES_ERROR;
				CLANG_WARN_DOCUMENTATION_COMMENTS = YES;
				CLANG_WARN_EMPTY_BODY = YES;
				CLANG_WARN_ENUM_CONVERSION = YES;
				CLANG_WARN_INFINITE_RECURSION = YES;
				CLANG_WARN_INT_CONVERSION = YES;
				CLANG_WARN_NON_LITERAL_NULL_CONVERSION = YES;
				CLANG_WARN_OBJC_IMPLICIT_RETAIN_SELF = YES;
				CLANG_WARN_OBJC_LITERAL_CONVERSION = YES;
				CLANG_WARN_OBJC_ROOT_CLASS = YES_ERROR;
				CLANG_WARN_QUOTED_INCLUDE_IN_FRAMEWORK_HEADER = YES;
				CLANG_WARN_RANGE_LOOP_ANALYSIS = YES;
				CLANG_WARN_STRICT_PROTOTYPES = YES;
				CLANG_WARN_SUSPICIOUS_MOVE = YES;
				CLANG_WARN_UNGUARDED_AVAILABILITY = YES_AGGRESSIVE;
				CLANG_WARN_UNREACHABLE_CODE = YES;
				CLANG_WARN__DUPLICATE_METHOD_MATCH = YES;
				COPY_PHASE_STRIP = NO;
				DEBUG_INFORMATION_FORMAT = "dwarf-with-dsym";
				ENABLE_NS_ASSERTIONS = NO;
				ENABLE_STRICT_OBJC_MSGSEND = YES;
				GCC_C_LANGUAGE_STANDARD = gnu11;
				GCC_NO_COMMON_BLOCKS = YES;
				GCC_WARN_64_TO_32_BIT_CONVERSION = YES;
				GCC_WARN_ABOUT_RETURN_TYPE = YES_ERROR;
				GCC_WARN_UNDECLARED_SELECTOR = YES;
				GCC_WARN_UNINITIALIZED_AUTOS = YES_AGGRESSIVE;
				GCC_WARN_UNUSED_FUNCTION = YES;
				GCC_WARN_UNUSED_VARIABLE = YES;
				IPHONEOS_DEPLOYMENT_TARGET = 14.2;
				MTL_ENABLE_DEBUG_INFO = NO;
				MTL_FAST_MATH = YES;
				SDKROOT = iphoneos;
				SWIFT_COMPILATION_MODE = wholemodule;
				SWIFT_OPTIMIZATION_LEVEL = "-O";
				VALIDATE_PRODUCT = YES;
			};
			name = Release;
		};
		A46EB043257B3E4B009A0557 /* Debug */ = {
			isa = XCBuildConfiguration;
			buildSettings = {
				ALWAYS_EMBED_SWIFT_STANDARD_LIBRARIES = YES;
				ASSETCATALOG_COMPILER_APPICON_NAME = AppIcon;
				ASSETCATALOG_COMPILER_GLOBAL_ACCENT_COLOR_NAME = AccentColor;
				CODE_SIGN_ENTITLEMENTS = grocermi/grocermi.entitlements;
				CODE_SIGN_STYLE = Automatic;
				DEVELOPMENT_TEAM = 9A8NT6G2XM;
				INFOPLIST_FILE = grocermi/Info.plist;
				IPHONEOS_DEPLOYMENT_TARGET = 14.2;
				LD_RUNPATH_SEARCH_PATHS = (
					"$(inherited)",
					"@executable_path/Frameworks",
				);
				PRODUCT_BUNDLE_IDENTIFIER = org.swiftinsg.grocermi;
				PRODUCT_NAME = "$(TARGET_NAME)";
				SWIFT_VERSION = 5.0;
				TARGETED_DEVICE_FAMILY = "1,2";
			};
			name = Debug;
		};
		A46EB044257B3E4B009A0557 /* Release */ = {
			isa = XCBuildConfiguration;
			buildSettings = {
				ALWAYS_EMBED_SWIFT_STANDARD_LIBRARIES = YES;
				ASSETCATALOG_COMPILER_APPICON_NAME = AppIcon;
				ASSETCATALOG_COMPILER_GLOBAL_ACCENT_COLOR_NAME = AccentColor;
				CODE_SIGN_ENTITLEMENTS = grocermi/grocermi.entitlements;
				CODE_SIGN_STYLE = Automatic;
				DEVELOPMENT_TEAM = 9A8NT6G2XM;
				INFOPLIST_FILE = grocermi/Info.plist;
				IPHONEOS_DEPLOYMENT_TARGET = 14.2;
				LD_RUNPATH_SEARCH_PATHS = (
					"$(inherited)",
					"@executable_path/Frameworks",
				);
				PRODUCT_BUNDLE_IDENTIFIER = org.swiftinsg.grocermi;
				PRODUCT_NAME = "$(TARGET_NAME)";
				SWIFT_VERSION = 5.0;
				TARGETED_DEVICE_FAMILY = "1,2";
			};
			name = Release;
		};
		A46EB046257B3E4B009A0557 /* Debug */ = {
			isa = XCBuildConfiguration;
			buildSettings = {
				ALWAYS_EMBED_SWIFT_STANDARD_LIBRARIES = YES;
				BUNDLE_LOADER = "$(TEST_HOST)";
				CODE_SIGN_STYLE = Automatic;
				INFOPLIST_FILE = grocermiTests/Info.plist;
				IPHONEOS_DEPLOYMENT_TARGET = 14.2;
				LD_RUNPATH_SEARCH_PATHS = (
					"$(inherited)",
					"@executable_path/Frameworks",
					"@loader_path/Frameworks",
				);
				PRODUCT_BUNDLE_IDENTIFIER = org.swiftinsg.grocermiTests;
				PRODUCT_NAME = "$(TARGET_NAME)";
				SWIFT_VERSION = 5.0;
				TARGETED_DEVICE_FAMILY = "1,2";
				TEST_HOST = "$(BUILT_PRODUCTS_DIR)/grocermi.app/grocermi";
			};
			name = Debug;
		};
		A46EB047257B3E4B009A0557 /* Release */ = {
			isa = XCBuildConfiguration;
			buildSettings = {
				ALWAYS_EMBED_SWIFT_STANDARD_LIBRARIES = YES;
				BUNDLE_LOADER = "$(TEST_HOST)";
				CODE_SIGN_STYLE = Automatic;
				INFOPLIST_FILE = grocermiTests/Info.plist;
				IPHONEOS_DEPLOYMENT_TARGET = 14.2;
				LD_RUNPATH_SEARCH_PATHS = (
					"$(inherited)",
					"@executable_path/Frameworks",
					"@loader_path/Frameworks",
				);
				PRODUCT_BUNDLE_IDENTIFIER = org.swiftinsg.grocermiTests;
				PRODUCT_NAME = "$(TARGET_NAME)";
				SWIFT_VERSION = 5.0;
				TARGETED_DEVICE_FAMILY = "1,2";
				TEST_HOST = "$(BUILT_PRODUCTS_DIR)/grocermi.app/grocermi";
			};
			name = Release;
		};
		A46EB049257B3E4B009A0557 /* Debug */ = {
			isa = XCBuildConfiguration;
			buildSettings = {
				ALWAYS_EMBED_SWIFT_STANDARD_LIBRARIES = YES;
				CODE_SIGN_STYLE = Automatic;
				INFOPLIST_FILE = grocermiUITests/Info.plist;
				LD_RUNPATH_SEARCH_PATHS = (
					"$(inherited)",
					"@executable_path/Frameworks",
					"@loader_path/Frameworks",
				);
				PRODUCT_BUNDLE_IDENTIFIER = org.swiftinsg.grocermiUITests;
				PRODUCT_NAME = "$(TARGET_NAME)";
				SWIFT_VERSION = 5.0;
				TARGETED_DEVICE_FAMILY = "1,2";
				TEST_TARGET_NAME = grocermi;
			};
			name = Debug;
		};
		A46EB04A257B3E4B009A0557 /* Release */ = {
			isa = XCBuildConfiguration;
			buildSettings = {
				ALWAYS_EMBED_SWIFT_STANDARD_LIBRARIES = YES;
				CODE_SIGN_STYLE = Automatic;
				INFOPLIST_FILE = grocermiUITests/Info.plist;
				LD_RUNPATH_SEARCH_PATHS = (
					"$(inherited)",
					"@executable_path/Frameworks",
					"@loader_path/Frameworks",
				);
				PRODUCT_BUNDLE_IDENTIFIER = org.swiftinsg.grocermiUITests;
				PRODUCT_NAME = "$(TARGET_NAME)";
				SWIFT_VERSION = 5.0;
				TARGETED_DEVICE_FAMILY = "1,2";
				TEST_TARGET_NAME = grocermi;
			};
			name = Release;
		};
/* End XCBuildConfiguration section */

/* Begin XCConfigurationList section */
		8A76BB59257FAA7D00B0248B /* Build configuration list for PBXNativeTarget "GrocermiWidgetExtensionExtension" */ = {
			isa = XCConfigurationList;
			buildConfigurations = (
				8A76BB5A257FAA7D00B0248B /* Debug */,
				8A76BB5B257FAA7D00B0248B /* Release */,
			);
			defaultConfigurationIsVisible = 0;
			defaultConfigurationName = Release;
		};
		A46EB013257B3E49009A0557 /* Build configuration list for PBXProject "grocermi" */ = {
			isa = XCConfigurationList;
			buildConfigurations = (
				A46EB040257B3E4B009A0557 /* Debug */,
				A46EB041257B3E4B009A0557 /* Release */,
			);
			defaultConfigurationIsVisible = 0;
			defaultConfigurationName = Release;
		};
		A46EB042257B3E4B009A0557 /* Build configuration list for PBXNativeTarget "grocermi" */ = {
			isa = XCConfigurationList;
			buildConfigurations = (
				A46EB043257B3E4B009A0557 /* Debug */,
				A46EB044257B3E4B009A0557 /* Release */,
			);
			defaultConfigurationIsVisible = 0;
			defaultConfigurationName = Release;
		};
		A46EB045257B3E4B009A0557 /* Build configuration list for PBXNativeTarget "grocermiTests" */ = {
			isa = XCConfigurationList;
			buildConfigurations = (
				A46EB046257B3E4B009A0557 /* Debug */,
				A46EB047257B3E4B009A0557 /* Release */,
			);
			defaultConfigurationIsVisible = 0;
			defaultConfigurationName = Release;
		};
		A46EB048257B3E4B009A0557 /* Build configuration list for PBXNativeTarget "grocermiUITests" */ = {
			isa = XCConfigurationList;
			buildConfigurations = (
				A46EB049257B3E4B009A0557 /* Debug */,
				A46EB04A257B3E4B009A0557 /* Release */,
			);
			defaultConfigurationIsVisible = 0;
			defaultConfigurationName = Release;
		};
/* End XCConfigurationList section */
	};
	rootObject = A46EB010257B3E49009A0557 /* Project object */;
}
